// !$*UTF8*$!
{
	archiveVersion = 1;
	classes = {
	};
	objectVersion = 46;
	objects = {

/* Begin PBXBuildFile section */
		4985381F1DEA45C900623C51 /* AppDelegate.swift in Sources */ = {isa = PBXBuildFile; fileRef = 4985381E1DEA45C900623C51 /* AppDelegate.swift */; };
		498538211DEA45C900623C51 /* ViewController.swift in Sources */ = {isa = PBXBuildFile; fileRef = 498538201DEA45C900623C51 /* ViewController.swift */; };
		498538241DEA45CA00623C51 /* Main.storyboard in Resources */ = {isa = PBXBuildFile; fileRef = 498538221DEA45CA00623C51 /* Main.storyboard */; };
		498538261DEA45CA00623C51 /* Assets.xcassets in Resources */ = {isa = PBXBuildFile; fileRef = 498538251DEA45CA00623C51 /* Assets.xcassets */; };
		498538291DEA45CA00623C51 /* LaunchScreen.storyboard in Resources */ = {isa = PBXBuildFile; fileRef = 498538271DEA45CA00623C51 /* LaunchScreen.storyboard */; };
/* End PBXBuildFile section */

/* Begin PBXFileReference section */
		4985381B1DEA45C900623C51 /* coffeePenguin.app */ = {isa = PBXFileReference; explicitFileType = wrapper.application; includeInIndex = 0; path = coffeePenguin.app; sourceTree = BUILT_PRODUCTS_DIR; };
		4985381E1DEA45C900623C51 /* AppDelegate.swift */ = {isa = PBXFileReference; lastKnownFileType = sourcecode.swift; path = AppDelegate.swift; sourceTree = "<group>"; };
		498538201DEA45C900623C51 /* ViewController.swift */ = {isa = PBXFileReference; lastKnownFileType = sourcecode.swift; path = ViewController.swift; sourceTree = "<group>"; };
		498538231DEA45CA00623C51 /* Base */ = {isa = PBXFileReference; lastKnownFileType = file.storyboard; name = Base; path = Base.lproj/Main.storyboard; sourceTree = "<group>"; };
		498538251DEA45CA00623C51 /* Assets.xcassets */ = {isa = PBXFileReference; lastKnownFileType = folder.assetcatalog; path = Assets.xcassets; sourceTree = "<group>"; };
		498538281DEA45CA00623C51 /* Base */ = {isa = PBXFileReference; lastKnownFileType = file.storyboard; name = Base; path = Base.lproj/LaunchScreen.storyboard; sourceTree = "<group>"; };
		4985382A1DEA45CA00623C51 /* Info.plist */ = {isa = PBXFileReference; lastKnownFileType = text.plist.xml; path = Info.plist; sourceTree = "<group>"; };
/* End PBXFileReference section */

/* Begin PBXFrameworksBuildPhase section */
		498538181DEA45C900623C51 /* Frameworks */ = {
			isa = PBXFrameworksBuildPhase;
			buildActionMask = 2147483647;
			files = (
			);
			runOnlyForDeploymentPostprocessing = 0;
		};
/* End PBXFrameworksBuildPhase section */

/* Begin PBXGroup section */
		498538121DEA45C800623C51 = {
			isa = PBXGroup;
			children = (
				4985381D1DEA45C900623C51 /* coffeePenguin */,
				4985381C1DEA45C900623C51 /* Products */,
			);
			sourceTree = "<group>";
		};
		4985381C1DEA45C900623C51 /* Products */ = {
			isa = PBXGroup;
			children = (
				4985381B1DEA45C900623C51 /* coffeePenguin.app */,
			);
			name = Products;
			sourceTree = "<group>";
		};
		4985381D1DEA45C900623C51 /* coffeePenguin */ = {
			isa = PBXGroup;
			children = (
				4985381E1DEA45C900623C51 /* AppDelegate.swift */,
				498538201DEA45C900623C51 /* ViewController.swift */,
				498538221DEA45CA00623C51 /* Main.storyboard */,
				498538251DEA45CA00623C51 /* Assets.xcassets */,
				498538271DEA45CA00623C51 /* LaunchScreen.storyboard */,
				4985382A1DEA45CA00623C51 /* Info.plist */,
			);
			path = coffeePenguin;
			sourceTree = "<group>";
		};
/* End PBXGroup section */

/* Begin PBXNativeTarget section */
		4985381A1DEA45C900623C51 /* coffeePenguin */ = {
			isa = PBXNativeTarget;
			buildConfigurationList = 4985382D1DEA45CA00623C51 /* Build configuration list for PBXNativeTarget "coffeePenguin" */;
			buildPhases = (
				498538171DEA45C900623C51 /* Sources */,
				498538181DEA45C900623C51 /* Frameworks */,
				498538191DEA45C900623C51 /* Resources */,
			);
			buildRules = (
			);
			dependencies = (
			);
			name = coffeePenguin;
			productName = coffeePenguin;
			productReference = 4985381B1DEA45C900623C51 /* coffeePenguin.app */;
			productType = "com.apple.product-type.application";
		};
/* End PBXNativeTarget section */

/* Begin PBXProject section */
		498538131DEA45C800623C51 /* Project object */ = {
			isa = PBXProject;
			attributes = {
				LastSwiftUpdateCheck = 0800;
				LastUpgradeCheck = 0800;
				ORGANIZATIONNAME = com.ParanoidPenguinProductions;
				TargetAttributes = {
					4985381A1DEA45C900623C51 = {
						CreatedOnToolsVersion = 8.0;
						DevelopmentTeam = FV58CK5TAD;
						ProvisioningStyle = Automatic;
					};
				};
			};
			buildConfigurationList = 498538161DEA45C800623C51 /* Build configuration list for PBXProject "coffeePenguin" */;
			compatibilityVersion = "Xcode 3.2";
			developmentRegion = English;
			hasScannedForEncodings = 0;
			knownRegions = (
				en,
				Base,
			);
			mainGroup = 498538121DEA45C800623C51;
			productRefGroup = 4985381C1DEA45C900623C51 /* Products */;
			projectDirPath = "";
			projectRoot = "";
			targets = (
				4985381A1DEA45C900623C51 /* coffeePenguin */,
			);
		};
/* End PBXProject section */

/* Begin PBXResourcesBuildPhase section */
		498538191DEA45C900623C51 /* Resources */ = {
			isa = PBXResourcesBuildPhase;
			buildActionMask = 2147483647;
			files = (
				498538291DEA45CA00623C51 /* LaunchScreen.storyboard in Resources */,
				498538261DEA45CA00623C51 /* Assets.xcassets in Resources */,
				498538241DEA45CA00623C51 /* Main.storyboard in Resources */,
			);
			runOnlyForDeploymentPostprocessing = 0;
		};
/* End PBXResourcesBuildPhase section */

/* Begin PBXSourcesBuildPhase section */
		498538171DEA45C900623C51 /* Sources */ = {
			isa = PBXSourcesBuildPhase;
			buildActionMask = 2147483647;
			files = (
				498538211DEA45C900623C51 /* ViewController.swift in Sources */,
				4985381F1DEA45C900623C51 /* AppDelegate.swift in Sources */,
			);
			runOnlyForDeploymentPostprocessing = 0;
		};
/* End PBXSourcesBuildPhase section */

/* Begin PBXVariantGroup section */
		498538221DEA45CA00623C51 /* Main.storyboard */ = {
			isa = PBXVariantGroup;
			children = (
				498538231DEA45CA00623C51 /* Base */,
			);
			name = Main.storyboard;
			sourceTree = "<group>";
		};
		498538271DEA45CA00623C51 /* LaunchScreen.storyboard */ = {
			isa = PBXVariantGroup;
			children = (
				498538281DEA45CA00623C51 /* Base */,
			);
			name = LaunchScreen.storyboard;
			sourceTree = "<group>";
		};
/* End PBXVariantGroup section */

/* Begin XCBuildConfiguration section */
		4985382B1DEA45CA00623C51 /* Debug */ = {
			isa = XCBuildConfiguration;
			buildSettings = {
				ALWAYS_SEARCH_USER_PATHS = NO;
				CLANG_ANALYZER_NONNULL = YES;
				CLANG_CXX_LANGUAGE_STANDARD = "gnu++0x";
				CLANG_CXX_LIBRARY = "libc++";
				CLANG_ENABLE_MODULES = YES;
				CLANG_ENABLE_OBJC_ARC = YES;
				CLANG_WARN_BOOL_CONVERSION = YES;
				CLANG_WARN_CONSTANT_CONVERSION = YES;
				CLANG_WARN_DIRECT_OBJC_ISA_USAGE = YES_ERROR;
				CLANG_WARN_DOCUMENTATION_COMMENTS = YES;
				CLANG_WARN_EMPTY_BODY = YES;
				CLANG_WARN_ENUM_CONVERSION = YES;
				CLANG_WARN_INFINITE_RECURSION = YES;
				CLANG_WARN_INT_CONVERSION = YES;
				CLANG_WARN_OBJC_ROOT_CLASS = YES_ERROR;
				CLANG_WARN_SUSPICIOUS_MOVES = YES;
				CLANG_WARN_UNREACHABLE_CODE = YES;
				CLANG_WARN__DUPLICATE_METHOD_MATCH = YES;
				"CODE_SIGN_IDENTITY[sdk=iphoneos*]" = "iPhone Developer";
				COPY_PHASE_STRIP = NO;
				DEBUG_INFORMATION_FORMAT = dwarf;
				ENABLE_STRICT_OBJC_MSGSEND = YES;
				ENABLE_TESTABILITY = YES;
				GCC_C_LANGUAGE_STANDARD = gnu99;
				GCC_DYNAMIC_NO_PIC = NO;
				GCC_NO_COMMON_BLOCKS = YES;
				GCC_OPTIMIZATION_LEVEL = 0;
				GCC_PREPROCESSOR_DEFINITIONS = (
					"DEBUG=1",
					"$(inherited)",
				);
				GCC_WARN_64_TO_32_BIT_CONVERSION = YES;
				GCC_WARN_ABOUT_RETURN_TYPE = YES_ERROR;
				GCC_WARN_UNDECLARED_SELECTOR = YES;
				GCC_WARN_UNINITIALIZED_AUTOS = YES_AGGRESSIVE;
				GCC_WARN_UNUSED_FUNCTION = YES;
				GCC_WARN_UNUSED_VARIABLE = YES;
				IPHONEOS_DEPLOYMENT_TARGET = 10.0;
				MTL_ENABLE_DEBUG_INFO = YES;
				ONLY_ACTIVE_ARCH = YES;
				SDKROOT = iphoneos;
				SWIFT_ACTIVE_COMPILATION_CONDITIONS = DEBUG;
				SWIFT_OPTIMIZATION_LEVEL = "-Onone";
			};
			name = Debug;
		};
		4985382C1DEA45CA00623C51 /* Release */ = {
			isa = XCBuildConfiguration;
			buildSettings = {
				ALWAYS_SEARCH_USER_PATHS = NO;
				CLANG_ANALYZER_NONNULL = YES;
				CLANG_CXX_LANGUAGE_STANDARD = "gnu++0x";
				CLANG_CXX_LIBRARY = "libc++";
				CLANG_ENABLE_MODULES = YES;
				CLANG_ENABLE_OBJC_ARC = YES;
				CLANG_WARN_BOOL_CONVERSION = YES;
				CLANG_WARN_CONSTANT_CONVERSION = YES;
				CLANG_WARN_DIRECT_OBJC_ISA_USAGE = YES_ERROR;
				CLANG_WARN_DOCUMENTATION_COMMENTS = YES;
				CLANG_WARN_EMPTY_BODY = YES;
				CLANG_WARN_ENUM_CONVERSION = YES;
				CLANG_WARN_INFINITE_RECURSION = YES;
				CLANG_WARN_INT_CONVERSION = YES;
				CLANG_WARN_OBJC_ROOT_CLASS = YES_ERROR;
				CLANG_WARN_SUSPICIOUS_MOVES = YES;
				CLANG_WARN_UNREACHABLE_CODE = YES;
				CLANG_WARN__DUPLICATE_METHOD_MATCH = YES;
				"CODE_SIGN_IDENTITY[sdk=iphoneos*]" = "iPhone Developer";
				COPY_PHASE_STRIP = NO;
				DEBUG_INFORMATION_FORMAT = "dwarf-with-dsym";
				ENABLE_NS_ASSERTIONS = NO;
				ENABLE_STRICT_OBJC_MSGSEND = YES;
				GCC_C_LANGUAGE_STANDARD = gnu99;
				GCC_NO_COMMON_BLOCKS = YES;
				GCC_WARN_64_TO_32_BIT_CONVERSION = YES;
				GCC_WARN_ABOUT_RETURN_TYPE = YES_ERROR;
				GCC_WARN_UNDECLARED_SELECTOR = YES;
				GCC_WARN_UNINITIALIZED_AUTOS = YES_AGGRESSIVE;
				GCC_WARN_UNUSED_FUNCTION = YES;
				GCC_WARN_UNUSED_VARIABLE = YES;
				IPHONEOS_DEPLOYMENT_TARGET = 10.0;
				MTL_ENABLE_DEBUG_INFO = NO;
				SDKROOT = iphoneos;
				SWIFT_OPTIMIZATION_LEVEL = "-Owholemodule";
				VALIDATE_PRODUCT = YES;
			};
			name = Release;
		};
		4985382E1DEA45CA00623C51 /* Debug */ = {
			isa = XCBuildConfiguration;
			buildSettings = {
				ASSETCATALOG_COMPILER_APPICON_NAME = AppIcon;
				DEVELOPMENT_TEAM = FV58CK5TAD;
				INFOPLIST_FILE = coffeePenguin/Info.plist;
				LD_RUNPATH_SEARCH_PATHS = "$(inherited) @executable_path/Frameworks";
				PRODUCT_BUNDLE_IDENTIFIER = ParanoidPenguinProductions.coffeePenguin;
				PRODUCT_NAME = "$(TARGET_NAME)";
				SWIFT_VERSION = 3.0;
			};
			name = Debug;
		};
		4985382F1DEA45CA00623C51 /* Release */ = {
			isa = XCBuildConfiguration;
			buildSettings = {
				ASSETCATALOG_COMPILER_APPICON_NAME = AppIcon;
				DEVELOPMENT_TEAM = FV58CK5TAD;
				INFOPLIST_FILE = coffeePenguin/Info.plist;
				LD_RUNPATH_SEARCH_PATHS = "$(inherited) @executable_path/Frameworks";
				PRODUCT_BUNDLE_IDENTIFIER = ParanoidPenguinProductions.coffeePenguin;
				PRODUCT_NAME = "$(TARGET_NAME)";
				SWIFT_VERSION = 3.0;
			};
			name = Release;
		};
/* End XCBuildConfiguration section */

/* Begin XCConfigurationList section */
		498538161DEA45C800623C51 /* Build configuration list for PBXProject "coffeePenguin" */ = {
			isa = XCConfigurationList;
			buildConfigurations = (
				4985382B1DEA45CA00623C51 /* Debug */,
				4985382C1DEA45CA00623C51 /* Release */,
			);
			defaultConfigurationIsVisible = 0;
			defaultConfigurationName = Release;
		};
		4985382D1DEA45CA00623C51 /* Build configuration list for PBXNativeTarget "coffeePenguin" */ = {
			isa = XCConfigurationList;
			buildConfigurations = (
				4985382E1DEA45CA00623C51 /* Debug */,
				4985382F1DEA45CA00623C51 /* Release */,
			);
			defaultConfigurationIsVisible = 0;
		};
/* End XCConfigurationList section */
	};
	rootObject = 498538131DEA45C800623C51 /* Project object */;
}
